
Microsoft Visual Studio Solution File, Format Version 12.00
# Visual Studio Version 17
VisualStudioVersion = 17.4.32804.182
MinimumVisualStudioVersion = 10.0.40219.1
Project("{9A19103F-16F7-4668-BE54-9A1E7A4F7556}") = "BlazorApp4", "BlazorApp4\BlazorApp4.csproj", "{7DC9A665-E25F-440F-BF4E-439C1E076CC8}"
EndProject
Global
	GlobalSection(SolutionConfigurationPlatforms) = preSolution
		Debug|Any CPU = Debug|Any CPU
		Release|Any CPU = Release|Any CPU
	EndGlobalSection
	GlobalSection(ProjectConfigurationPlatforms) = postSolution
		{7DC9A665-E25F-440F-BF4E-439C1E076CC8}.Debug|Any CPU.ActiveCfg = Debug|Any CPU
		{7DC9A665-E25F-440F-BF4E-439C1E076CC8}.Debug|Any CPU.Build.0 = Debug|Any CPU
		{7DC9A665-E25F-440F-BF4E-439C1E076CC8}.Release|Any CPU.ActiveCfg = Release|Any CPU
		{7DC9A665-E25F-440F-BF4E-439C1E076CC8}.Release|Any CPU.Build.0 = Release|Any CPU
	EndGlobalSection
	GlobalSection(SolutionProperties) = preSolution
		HideSolutionNode = FALSE
	EndGlobalSection
	GlobalSection(ExtensibilityGlobals) = postSolution
		SolutionGuid = {2B06DBBF-3430-4E06-B6AD-B8E953DE6162}
	EndGlobalSection
EndGlobal
